
Microsoft Visual Studio Solution File, Format Version 12.00
# Visual Studio Version 17
VisualStudioVersion = 17.5.33530.505
MinimumVisualStudioVersion = 10.0.40219.1
Project("{FAE04EC0-301F-11D3-BF4B-00C04F79EFBC}") = "SourceGeneratorSample", "SourceGeneratorSample\SourceGeneratorSample.csproj", "{C4BC6280-E25C-4069-8487-2C9048DAF885}"
EndProject
Project("{FAE04EC0-301F-11D3-BF4B-00C04F79EFBC}") = "SourceGeneratorSample.Basic", "SourceGeneratorSample.Basic\SourceGeneratorSample.Basic.csproj", "{32EF72A0-BFF9-41E3-A52D-CBC5D6AD3FDF}"
EndProject
Global
	GlobalSection(SolutionConfigurationPlatforms) = preSolution
		Debug|Any CPU = Debug|Any CPU
		Release|Any CPU = Release|Any CPU
	EndGlobalSection
	GlobalSection(ProjectConfigurationPlatforms) = postSolution
		{C4BC6280-E25C-4069-8487-2C9048DAF885}.Debug|Any CPU.ActiveCfg = Debug|Any CPU
		{C4BC6280-E25C-4069-8487-2C9048DAF885}.Debug|Any CPU.Build.0 = Debug|Any CPU
		{C4BC6280-E25C-4069-8487-2C9048DAF885}.Release|Any CPU.ActiveCfg = Release|Any CPU
		{C4BC6280-E25C-4069-8487-2C9048DAF885}.Release|Any CPU.Build.0 = Release|Any CPU
		{32EF72A0-BFF9-41E3-A52D-CBC5D6AD3FDF}.Debug|Any CPU.ActiveCfg = Debug|Any CPU
		{32EF72A0-BFF9-41E3-A52D-CBC5D6AD3FDF}.Debug|Any CPU.Build.0 = Debug|Any CPU
		{32EF72A0-BFF9-41E3-A52D-CBC5D6AD3FDF}.Release|Any CPU.ActiveCfg = Release|Any CPU
		{32EF72A0-BFF9-41E3-A52D-CBC5D6AD3FDF}.Release|Any CPU.Build.0 = Release|Any CPU
	EndGlobalSection
	GlobalSection(SolutionProperties) = preSolution
		HideSolutionNode = FALSE
	EndGlobalSection
	GlobalSection(ExtensibilityGlobals) = postSolution
		SolutionGuid = {E2963B1D-5F11-4685-BC2F-CE20FA72A729}
	EndGlobalSection
EndGlobal
